
Microsoft Visual Studio Solution File, Format Version 11.00
# Visual Studio 2010
Project("{FAE04EC0-301F-11D3-BF4B-00C04F79EFBC}") = "AntsAndCakes3D", "Assembly-CSharp-firstpass.csproj", "{906130A0-E887-6C1C-2186-A58AF910D223}"
EndProject
Project("{FAE04EC0-301F-11D3-BF4B-00C04F79EFBC}") = "AntsAndCakes3D", "Assembly-CSharp.csproj", "{0D3318E8-7BDA-645E-083A-CDFABF2D5864}"
EndProject
Project("{FAE04EC0-301F-11D3-BF4B-00C04F79EFBC}") = "AntsAndCakes3D", "Assembly-CSharp-Editor-firstpass.csproj", "{1C33FC8C-DAD6-7AAE-2D37-99A431CD634D}"
EndProject
Global
	GlobalSection(SolutionConfigurationPlatforms) = preSolution
		Debug|Any CPU = Debug|Any CPU
		Release|Any CPU = Release|Any CPU
	EndGlobalSection
	GlobalSection(ProjectConfigurationPlatforms) = postSolution
		{906130A0-E887-6C1C-2186-A58AF910D223}.Debug|Any CPU.ActiveCfg = Debug|Any CPU
		{906130A0-E887-6C1C-2186-A58AF910D223}.Debug|Any CPU.Build.0 = Debug|Any CPU
		{906130A0-E887-6C1C-2186-A58AF910D223}.Release|Any CPU.ActiveCfg = Release|Any CPU
		{906130A0-E887-6C1C-2186-A58AF910D223}.Release|Any CPU.Build.0 = Release|Any CPU
		{0D3318E8-7BDA-645E-083A-CDFABF2D5864}.Debug|Any CPU.ActiveCfg = Debug|Any CPU
		{0D3318E8-7BDA-645E-083A-CDFABF2D5864}.Debug|Any CPU.Build.0 = Debug|Any CPU
		{0D3318E8-7BDA-645E-083A-CDFABF2D5864}.Release|Any CPU.ActiveCfg = Release|Any CPU
		{0D3318E8-7BDA-645E-083A-CDFABF2D5864}.Release|Any CPU.Build.0 = Release|Any CPU
		{1C33FC8C-DAD6-7AAE-2D37-99A431CD634D}.Debug|Any CPU.ActiveCfg = Debug|Any CPU
		{1C33FC8C-DAD6-7AAE-2D37-99A431CD634D}.Debug|Any CPU.Build.0 = Debug|Any CPU
		{1C33FC8C-DAD6-7AAE-2D37-99A431CD634D}.Release|Any CPU.ActiveCfg = Release|Any CPU
		{1C33FC8C-DAD6-7AAE-2D37-99A431CD634D}.Release|Any CPU.Build.0 = Release|Any CPU
	EndGlobalSection
	GlobalSection(SolutionProperties) = preSolution
		HideSolutionNode = FALSE
	EndGlobalSection
	GlobalSection(MonoDevelopProperties) = preSolution
		StartupItem = Assembly-CSharp.csproj
	EndGlobalSection
EndGlobal
